
Microsoft Visual Studio Solution File, Format Version 12.00
# Visual Studio Version 17
VisualStudioVersion = 17.2.32317.152
MinimumVisualStudioVersion = 10.0.40219.1
Project("{9A19103F-16F7-4668-BE54-9A1E7A4F7556}") = "eCommerce.Blazor.Web.Server", "eCommerce.Blazor.Web.Server\eCommerce.Blazor.Web.Server.csproj", "{68641ED1-F9BA-4D6E-9CF4-76A8CFA07189}"
EndProject
Global
	GlobalSection(SolutionConfigurationPlatforms) = preSolution
		Debug|Any CPU = Debug|Any CPU
		Release|Any CPU = Release|Any CPU
	EndGlobalSection
	GlobalSection(ProjectConfigurationPlatforms) = postSolution
		{68641ED1-F9BA-4D6E-9CF4-76A8CFA07189}.Debug|Any CPU.ActiveCfg = Debug|Any CPU
		{68641ED1-F9BA-4D6E-9CF4-76A8CFA07189}.Debug|Any CPU.Build.0 = Debug|Any CPU
		{68641ED1-F9BA-4D6E-9CF4-76A8CFA07189}.Release|Any CPU.ActiveCfg = Release|Any CPU
		{68641ED1-F9BA-4D6E-9CF4-76A8CFA07189}.Release|Any CPU.Build.0 = Release|Any CPU
	EndGlobalSection
	GlobalSection(SolutionProperties) = preSolution
		HideSolutionNode = FALSE
	EndGlobalSection
	GlobalSection(ExtensibilityGlobals) = postSolution
		SolutionGuid = {67D8EC27-5672-4063-B292-2333746F7F5F}
	EndGlobalSection
EndGlobal
